// !$*UTF8*$!
{
	archiveVersion = 1;
	classes = {
	};
	objectVersion = 56;
	objects = {

/* Begin PBXBuildFile section */
		B05A88D92BB8FD1200A09280 /* ContainerSelectionView.swift in Sources */ = {isa = PBXBuildFile; fileRef = B05A88D82BB8FD1200A09280 /* ContainerSelectionView.swift */; };
		B05A88DB2BBCF67E00A09280 /* SessionData.swift in Sources */ = {isa = PBXBuildFile; fileRef = B05A88DA2BBCF67E00A09280 /* SessionData.swift */; };
		B05A88DF2BBD006500A09280 /* SessionDataViewModel.swift in Sources */ = {isa = PBXBuildFile; fileRef = B05A88DE2BBD006500A09280 /* SessionDataViewModel.swift */; };
		B0A2A0EB2BBE3B12001D5A35 /* SettingsView.swift in Sources */ = {isa = PBXBuildFile; fileRef = B0A2A0EA2BBE3B12001D5A35 /* SettingsView.swift */; };
		B0A9607F2BB26AC800305EC9 /* ScanitPackitApp.swift in Sources */ = {isa = PBXBuildFile; fileRef = B0A9607E2BB26AC800305EC9 /* ScanitPackitApp.swift */; };
		B0A960812BB26AC800305EC9 /* ContentView.swift in Sources */ = {isa = PBXBuildFile; fileRef = B0A960802BB26AC800305EC9 /* ContentView.swift */; };
		B0A960832BB26AC900305EC9 /* Assets.xcassets in Resources */ = {isa = PBXBuildFile; fileRef = B0A960822BB26AC900305EC9 /* Assets.xcassets */; };
		B0A960862BB26AC900305EC9 /* Preview Assets.xcassets in Resources */ = {isa = PBXBuildFile; fileRef = B0A960852BB26AC900305EC9 /* Preview Assets.xcassets */; };
		B0A960902BB26AC900305EC9 /* ScanitPackitTests.swift in Sources */ = {isa = PBXBuildFile; fileRef = B0A9608F2BB26AC900305EC9 /* ScanitPackitTests.swift */; };
		B0A9609A2BB26AC900305EC9 /* ScanitPackitUITests.swift in Sources */ = {isa = PBXBuildFile; fileRef = B0A960992BB26AC900305EC9 /* ScanitPackitUITests.swift */; };
		B0A9609C2BB26AC900305EC9 /* ScanitPackitUITestsLaunchTests.swift in Sources */ = {isa = PBXBuildFile; fileRef = B0A9609B2BB26AC900305EC9 /* ScanitPackitUITestsLaunchTests.swift */; };
		B0A960A92BB26C2F00305EC9 /* ManualInputView.swift in Sources */ = {isa = PBXBuildFile; fileRef = B0A960A82BB26C2F00305EC9 /* ManualInputView.swift */; };
		B0A960AB2BB26C5C00305EC9 /* SchematicView.swift in Sources */ = {isa = PBXBuildFile; fileRef = B0A960AA2BB26C5C00305EC9 /* SchematicView.swift */; };
		B0A960B32BB273F200305EC9 /* MeasureViewController.swift in Sources */ = {isa = PBXBuildFile; fileRef = B0A960AD2BB273F200305EC9 /* MeasureViewController.swift */; };
		B0A960B42BB273F200305EC9 /* SCNSphere+Init.swift in Sources */ = {isa = PBXBuildFile; fileRef = B0A960AE2BB273F200305EC9 /* SCNSphere+Init.swift */; };
		B0A960B52BB273F200305EC9 /* Main.storyboard in Resources */ = {isa = PBXBuildFile; fileRef = B0A960AF2BB273F200305EC9 /* Main.storyboard */; };
		B0A960B62BB273F200305EC9 /* AreaViewController.swift in Sources */ = {isa = PBXBuildFile; fileRef = B0A960B02BB273F200305EC9 /* AreaViewController.swift */; };
		B0A960B72BB273F200305EC9 /* LineNode.swift in Sources */ = {isa = PBXBuildFile; fileRef = B0A960B12BB273F200305EC9 /* LineNode.swift */; };
		B0A960B82BB273F200305EC9 /* MeasureSCNView.swift in Sources */ = {isa = PBXBuildFile; fileRef = B0A960B22BB273F200305EC9 /* MeasureSCNView.swift */; };
		B0A960F92BB78BD400305EC9 /* Dimensions.swift in Sources */ = {isa = PBXBuildFile; fileRef = B0A960F82BB78BD400305EC9 /* Dimensions.swift */; };
		B0A960FB2BB7C75E00305EC9 /* ViewState.swift in Sources */ = {isa = PBXBuildFile; fileRef = B0A960FA2BB7C75E00305EC9 /* ViewState.swift */; };
		B0CC73772BCB707D00390768 /* UsageViewModel.swift in Sources */ = {isa = PBXBuildFile; fileRef = B0CC73762BCB707D00390768 /* UsageViewModel.swift */; };
		F7BA5FFE2BBCAB9B00A8CBB0 /* ViewModel.swift in Sources */ = {isa = PBXBuildFile; fileRef = F7BA5FFD2BBCAB9B00A8CBB0 /* ViewModel.swift */; };
		F7BA60002BBCABAF00A8CBB0 /* Models.swift in Sources */ = {isa = PBXBuildFile; fileRef = F7BA5FFF2BBCABAF00A8CBB0 /* Models.swift */; };
		F7BA60022BBCABC800A8CBB0 /* TabBarButton.swift in Sources */ = {isa = PBXBuildFile; fileRef = F7BA60012BBCABC800A8CBB0 /* TabBarButton.swift */; };
		F7BA60042BBCABDF00A8CBB0 /* TabBarView.swift in Sources */ = {isa = PBXBuildFile; fileRef = F7BA60032BBCABDF00A8CBB0 /* TabBarView.swift */; };
		F7BA60062BBCABFA00A8CBB0 /* NewPackageView.swift in Sources */ = {isa = PBXBuildFile; fileRef = F7BA60052BBCABFA00A8CBB0 /* NewPackageView.swift */; };
/* End PBXBuildFile section */

/* Begin PBXContainerItemProxy section */
		B0A9608C2BB26AC900305EC9 /* PBXContainerItemProxy */ = {
			isa = PBXContainerItemProxy;
			containerPortal = B0A960732BB26AC800305EC9 /* Project object */;
			proxyType = 1;
			remoteGlobalIDString = B0A9607A2BB26AC800305EC9;
			remoteInfo = ScanitPackit;
		};
		B0A960962BB26AC900305EC9 /* PBXContainerItemProxy */ = {
			isa = PBXContainerItemProxy;
			containerPortal = B0A960732BB26AC800305EC9 /* Project object */;
			proxyType = 1;
			remoteGlobalIDString = B0A9607A2BB26AC800305EC9;
			remoteInfo = ScanitPackit;
		};
/* End PBXContainerItemProxy section */

/* Begin PBXFileReference section */
		B05A88D82BB8FD1200A09280 /* ContainerSelectionView.swift */ = {isa = PBXFileReference; lastKnownFileType = sourcecode.swift; path = ContainerSelectionView.swift; sourceTree = "<group>"; };
		B05A88DA2BBCF67E00A09280 /* SessionData.swift */ = {isa = PBXFileReference; lastKnownFileType = sourcecode.swift; path = SessionData.swift; sourceTree = "<group>"; };
		B05A88DE2BBD006500A09280 /* SessionDataViewModel.swift */ = {isa = PBXFileReference; lastKnownFileType = sourcecode.swift; path = SessionDataViewModel.swift; sourceTree = "<group>"; };
		B0A2A0EA2BBE3B12001D5A35 /* SettingsView.swift */ = {isa = PBXFileReference; lastKnownFileType = sourcecode.swift; path = SettingsView.swift; sourceTree = "<group>"; };
		B0A9607B2BB26AC800305EC9 /* ScanitPackit.app */ = {isa = PBXFileReference; explicitFileType = wrapper.application; includeInIndex = 0; path = ScanitPackit.app; sourceTree = BUILT_PRODUCTS_DIR; };
		B0A9607E2BB26AC800305EC9 /* ScanitPackitApp.swift */ = {isa = PBXFileReference; lastKnownFileType = sourcecode.swift; path = ScanitPackitApp.swift; sourceTree = "<group>"; };
		B0A960802BB26AC800305EC9 /* ContentView.swift */ = {isa = PBXFileReference; lastKnownFileType = sourcecode.swift; path = ContentView.swift; sourceTree = "<group>"; };
		B0A960822BB26AC900305EC9 /* Assets.xcassets */ = {isa = PBXFileReference; lastKnownFileType = folder.assetcatalog; path = Assets.xcassets; sourceTree = "<group>"; };
		B0A960852BB26AC900305EC9 /* Preview Assets.xcassets */ = {isa = PBXFileReference; lastKnownFileType = folder.assetcatalog; path = "Preview Assets.xcassets"; sourceTree = "<group>"; };
		B0A9608B2BB26AC900305EC9 /* ScanitPackitTests.xctest */ = {isa = PBXFileReference; explicitFileType = wrapper.cfbundle; includeInIndex = 0; path = ScanitPackitTests.xctest; sourceTree = BUILT_PRODUCTS_DIR; };
		B0A9608F2BB26AC900305EC9 /* ScanitPackitTests.swift */ = {isa = PBXFileReference; lastKnownFileType = sourcecode.swift; path = ScanitPackitTests.swift; sourceTree = "<group>"; };
		B0A960952BB26AC900305EC9 /* ScanitPackitUITests.xctest */ = {isa = PBXFileReference; explicitFileType = wrapper.cfbundle; includeInIndex = 0; path = ScanitPackitUITests.xctest; sourceTree = BUILT_PRODUCTS_DIR; };
		B0A960992BB26AC900305EC9 /* ScanitPackitUITests.swift */ = {isa = PBXFileReference; lastKnownFileType = sourcecode.swift; path = ScanitPackitUITests.swift; sourceTree = "<group>"; };
		B0A9609B2BB26AC900305EC9 /* ScanitPackitUITestsLaunchTests.swift */ = {isa = PBXFileReference; lastKnownFileType = sourcecode.swift; path = ScanitPackitUITestsLaunchTests.swift; sourceTree = "<group>"; };
		B0A960A82BB26C2F00305EC9 /* ManualInputView.swift */ = {isa = PBXFileReference; lastKnownFileType = sourcecode.swift; path = ManualInputView.swift; sourceTree = "<group>"; };
		B0A960AA2BB26C5C00305EC9 /* SchematicView.swift */ = {isa = PBXFileReference; lastKnownFileType = sourcecode.swift; path = SchematicView.swift; sourceTree = "<group>"; };
		B0A960AD2BB273F200305EC9 /* MeasureViewController.swift */ = {isa = PBXFileReference; fileEncoding = 4; lastKnownFileType = sourcecode.swift; path = MeasureViewController.swift; sourceTree = "<group>"; };
		B0A960AE2BB273F200305EC9 /* SCNSphere+Init.swift */ = {isa = PBXFileReference; fileEncoding = 4; lastKnownFileType = sourcecode.swift; path = "SCNSphere+Init.swift"; sourceTree = "<group>"; };
		B0A960AF2BB273F200305EC9 /* Main.storyboard */ = {isa = PBXFileReference; fileEncoding = 4; lastKnownFileType = file.storyboard; path = Main.storyboard; sourceTree = "<group>"; };
		B0A960B02BB273F200305EC9 /* AreaViewController.swift */ = {isa = PBXFileReference; fileEncoding = 4; lastKnownFileType = sourcecode.swift; path = AreaViewController.swift; sourceTree = "<group>"; };
		B0A960B12BB273F200305EC9 /* LineNode.swift */ = {isa = PBXFileReference; fileEncoding = 4; lastKnownFileType = sourcecode.swift; path = LineNode.swift; sourceTree = "<group>"; };
		B0A960B22BB273F200305EC9 /* MeasureSCNView.swift */ = {isa = PBXFileReference; fileEncoding = 4; lastKnownFileType = sourcecode.swift; path = MeasureSCNView.swift; sourceTree = "<group>"; };
		B0A960F12BB27CF000305EC9 /* Info.plist */ = {isa = PBXFileReference; lastKnownFileType = text.plist; path = Info.plist; sourceTree = "<group>"; };
		B0A960F82BB78BD400305EC9 /* Dimensions.swift */ = {isa = PBXFileReference; lastKnownFileType = sourcecode.swift; path = Dimensions.swift; sourceTree = "<group>"; };
		B0A960FA2BB7C75E00305EC9 /* ViewState.swift */ = {isa = PBXFileReference; lastKnownFileType = sourcecode.swift; path = ViewState.swift; sourceTree = "<group>"; };
		B0CC73762BCB707D00390768 /* UsageViewModel.swift */ = {isa = PBXFileReference; lastKnownFileType = sourcecode.swift; path = UsageViewModel.swift; sourceTree = "<group>"; };
		F7BA5FFD2BBCAB9B00A8CBB0 /* ViewModel.swift */ = {isa = PBXFileReference; lastKnownFileType = sourcecode.swift; path = ViewModel.swift; sourceTree = "<group>"; };
		F7BA5FFF2BBCABAF00A8CBB0 /* Models.swift */ = {isa = PBXFileReference; lastKnownFileType = sourcecode.swift; path = Models.swift; sourceTree = "<group>"; };
		F7BA60012BBCABC800A8CBB0 /* TabBarButton.swift */ = {isa = PBXFileReference; lastKnownFileType = sourcecode.swift; path = TabBarButton.swift; sourceTree = "<group>"; };
		F7BA60032BBCABDF00A8CBB0 /* TabBarView.swift */ = {isa = PBXFileReference; lastKnownFileType = sourcecode.swift; path = TabBarView.swift; sourceTree = "<group>"; };
		F7BA60052BBCABFA00A8CBB0 /* NewPackageView.swift */ = {isa = PBXFileReference; lastKnownFileType = sourcecode.swift; path = NewPackageView.swift; sourceTree = "<group>"; };
/* End PBXFileReference section */

/* Begin PBXFrameworksBuildPhase section */
		B0A960782BB26AC800305EC9 /* Frameworks */ = {
			isa = PBXFrameworksBuildPhase;
			buildActionMask = 2147483647;
			files = (
			);
			runOnlyForDeploymentPostprocessing = 0;
		};
		B0A960882BB26AC900305EC9 /* Frameworks */ = {
			isa = PBXFrameworksBuildPhase;
			buildActionMask = 2147483647;
			files = (
			);
			runOnlyForDeploymentPostprocessing = 0;
		};
		B0A960922BB26AC900305EC9 /* Frameworks */ = {
			isa = PBXFrameworksBuildPhase;
			buildActionMask = 2147483647;
			files = (
			);
			runOnlyForDeploymentPostprocessing = 0;
		};
/* End PBXFrameworksBuildPhase section */

/* Begin PBXGroup section */
		B0A960722BB26AC800305EC9 = {
			isa = PBXGroup;
			children = (
				B0A960AC2BB273A100305EC9 /* StoryboardFiles */,
				B0A9607D2BB26AC800305EC9 /* ScanitPackit */,
				B0A9608E2BB26AC900305EC9 /* ScanitPackitTests */,
				B0A960982BB26AC900305EC9 /* ScanitPackitUITests */,
				B0A9607C2BB26AC800305EC9 /* Products */,
			);
			sourceTree = "<group>";
		};
		B0A9607C2BB26AC800305EC9 /* Products */ = {
			isa = PBXGroup;
			children = (
				B0A9607B2BB26AC800305EC9 /* ScanitPackit.app */,
				B0A9608B2BB26AC900305EC9 /* ScanitPackitTests.xctest */,
				B0A960952BB26AC900305EC9 /* ScanitPackitUITests.xctest */,
			);
			name = Products;
			sourceTree = "<group>";
		};
		B0A9607D2BB26AC800305EC9 /* ScanitPackit */ = {
			isa = PBXGroup;
			children = (
				B0A960F12BB27CF000305EC9 /* Info.plist */,
				B0A9607E2BB26AC800305EC9 /* ScanitPackitApp.swift */,
				B0A960A82BB26C2F00305EC9 /* ManualInputView.swift */,
				B0A960802BB26AC800305EC9 /* ContentView.swift */,
				B0A960822BB26AC900305EC9 /* Assets.xcassets */,
				B0A960842BB26AC900305EC9 /* Preview Content */,
				B0A960AA2BB26C5C00305EC9 /* SchematicView.swift */,
				B0A960F82BB78BD400305EC9 /* Dimensions.swift */,
				B0A960FA2BB7C75E00305EC9 /* ViewState.swift */,
				B05A88D82BB8FD1200A09280 /* ContainerSelectionView.swift */,
				F7BA5FFF2BBCABAF00A8CBB0 /* Models.swift */,
				F7BA60012BBCABC800A8CBB0 /* TabBarButton.swift */,
				F7BA60032BBCABDF00A8CBB0 /* TabBarView.swift */,
				F7BA60052BBCABFA00A8CBB0 /* NewPackageView.swift */,
				B05A88DA2BBCF67E00A09280 /* SessionData.swift */,
				B05A88DE2BBD006500A09280 /* SessionDataViewModel.swift */,
				B0A2A0EA2BBE3B12001D5A35 /* SettingsView.swift */,
				B0CC73762BCB707D00390768 /* UsageViewModel.swift */,
			);
			path = ScanitPackit;
			sourceTree = "<group>";
		};
		B0A960842BB26AC900305EC9 /* Preview Content */ = {
			isa = PBXGroup;
			children = (
				B0A960852BB26AC900305EC9 /* Preview Assets.xcassets */,
				F7BA5FFD2BBCAB9B00A8CBB0 /* ViewModel.swift */,
			);
			path = "Preview Content";
			sourceTree = "<group>";
		};
		B0A9608E2BB26AC900305EC9 /* ScanitPackitTests */ = {
			isa = PBXGroup;
			children = (
				B0A9608F2BB26AC900305EC9 /* ScanitPackitTests.swift */,
			);
			path = ScanitPackitTests;
			sourceTree = "<group>";
		};
		B0A960982BB26AC900305EC9 /* ScanitPackitUITests */ = {
			isa = PBXGroup;
			children = (
				B0A960992BB26AC900305EC9 /* ScanitPackitUITests.swift */,
				B0A9609B2BB26AC900305EC9 /* ScanitPackitUITestsLaunchTests.swift */,
			);
			path = ScanitPackitUITests;
			sourceTree = "<group>";
		};
		B0A960AC2BB273A100305EC9 /* StoryboardFiles */ = {
			isa = PBXGroup;
			children = (
				B0A960B02BB273F200305EC9 /* AreaViewController.swift */,
				B0A960B12BB273F200305EC9 /* LineNode.swift */,
				B0A960AF2BB273F200305EC9 /* Main.storyboard */,
				B0A960B22BB273F200305EC9 /* MeasureSCNView.swift */,
				B0A960AD2BB273F200305EC9 /* MeasureViewController.swift */,
				B0A960AE2BB273F200305EC9 /* SCNSphere+Init.swift */,
			);
			path = StoryboardFiles;
			sourceTree = "<group>";
		};
/* End PBXGroup section */

/* Begin PBXNativeTarget section */
		B0A9607A2BB26AC800305EC9 /* ScanitPackit */ = {
			isa = PBXNativeTarget;
			buildConfigurationList = B0A9609F2BB26AC900305EC9 /* Build configuration list for PBXNativeTarget "ScanitPackit" */;
			buildPhases = (
				B0A960772BB26AC800305EC9 /* Sources */,
				B0A960782BB26AC800305EC9 /* Frameworks */,
				B0A960792BB26AC800305EC9 /* Resources */,
			);
			buildRules = (
			);
			dependencies = (
			);
			name = ScanitPackit;
			productName = ScanitPackit;
			productReference = B0A9607B2BB26AC800305EC9 /* ScanitPackit.app */;
			productType = "com.apple.product-type.application";
		};
		B0A9608A2BB26AC900305EC9 /* ScanitPackitTests */ = {
			isa = PBXNativeTarget;
			buildConfigurationList = B0A960A22BB26AC900305EC9 /* Build configuration list for PBXNativeTarget "ScanitPackitTests" */;
			buildPhases = (
				B0A960872BB26AC900305EC9 /* Sources */,
				B0A960882BB26AC900305EC9 /* Frameworks */,
				B0A960892BB26AC900305EC9 /* Resources */,
			);
			buildRules = (
			);
			dependencies = (
				B0A9608D2BB26AC900305EC9 /* PBXTargetDependency */,
			);
			name = ScanitPackitTests;
			productName = ScanitPackitTests;
			productReference = B0A9608B2BB26AC900305EC9 /* ScanitPackitTests.xctest */;
			productType = "com.apple.product-type.bundle.unit-test";
		};
		B0A960942BB26AC900305EC9 /* ScanitPackitUITests */ = {
			isa = PBXNativeTarget;
			buildConfigurationList = B0A960A52BB26AC900305EC9 /* Build configuration list for PBXNativeTarget "ScanitPackitUITests" */;
			buildPhases = (
				B0A960912BB26AC900305EC9 /* Sources */,
				B0A960922BB26AC900305EC9 /* Frameworks */,
				B0A960932BB26AC900305EC9 /* Resources */,
			);
			buildRules = (
			);
			dependencies = (
				B0A960972BB26AC900305EC9 /* PBXTargetDependency */,
			);
			name = ScanitPackitUITests;
			productName = ScanitPackitUITests;
			productReference = B0A960952BB26AC900305EC9 /* ScanitPackitUITests.xctest */;
			productType = "com.apple.product-type.bundle.ui-testing";
		};
/* End PBXNativeTarget section */

/* Begin PBXProject section */
		B0A960732BB26AC800305EC9 /* Project object */ = {
			isa = PBXProject;
			attributes = {
				BuildIndependentTargetsInParallel = 1;
				LastSwiftUpdateCheck = 1520;
				LastUpgradeCheck = 1520;
				TargetAttributes = {
					B0A9607A2BB26AC800305EC9 = {
						CreatedOnToolsVersion = 15.2;
					};
					B0A9608A2BB26AC900305EC9 = {
						CreatedOnToolsVersion = 15.2;
						TestTargetID = B0A9607A2BB26AC800305EC9;
					};
					B0A960942BB26AC900305EC9 = {
						CreatedOnToolsVersion = 15.2;
						TestTargetID = B0A9607A2BB26AC800305EC9;
					};
				};
			};
			buildConfigurationList = B0A960762BB26AC800305EC9 /* Build configuration list for PBXProject "ScanitPackit" */;
			compatibilityVersion = "Xcode 14.0";
			developmentRegion = en;
			hasScannedForEncodings = 0;
			knownRegions = (
				en,
				Base,
			);
			mainGroup = B0A960722BB26AC800305EC9;
			productRefGroup = B0A9607C2BB26AC800305EC9 /* Products */;
			projectDirPath = "";
			projectRoot = "";
			targets = (
				B0A9607A2BB26AC800305EC9 /* ScanitPackit */,
				B0A9608A2BB26AC900305EC9 /* ScanitPackitTests */,
				B0A960942BB26AC900305EC9 /* ScanitPackitUITests */,
			);
		};
/* End PBXProject section */

/* Begin PBXResourcesBuildPhase section */
		B0A960792BB26AC800305EC9 /* Resources */ = {
			isa = PBXResourcesBuildPhase;
			buildActionMask = 2147483647;
			files = (
				B0A960B52BB273F200305EC9 /* Main.storyboard in Resources */,
				B0A960862BB26AC900305EC9 /* Preview Assets.xcassets in Resources */,
				B0A960832BB26AC900305EC9 /* Assets.xcassets in Resources */,
			);
			runOnlyForDeploymentPostprocessing = 0;
		};
		B0A960892BB26AC900305EC9 /* Resources */ = {
			isa = PBXResourcesBuildPhase;
			buildActionMask = 2147483647;
			files = (
			);
			runOnlyForDeploymentPostprocessing = 0;
		};
		B0A960932BB26AC900305EC9 /* Resources */ = {
			isa = PBXResourcesBuildPhase;
			buildActionMask = 2147483647;
			files = (
			);
			runOnlyForDeploymentPostprocessing = 0;
		};
/* End PBXResourcesBuildPhase section */

/* Begin PBXSourcesBuildPhase section */
		B0A960772BB26AC800305EC9 /* Sources */ = {
			isa = PBXSourcesBuildPhase;
			buildActionMask = 2147483647;
			files = (
				B0A960812BB26AC800305EC9 /* ContentView.swift in Sources */,
				B0A960A92BB26C2F00305EC9 /* ManualInputView.swift in Sources */,
				F7BA60042BBCABDF00A8CBB0 /* TabBarView.swift in Sources */,
				B0A960AB2BB26C5C00305EC9 /* SchematicView.swift in Sources */,
				B0A960FB2BB7C75E00305EC9 /* ViewState.swift in Sources */,
				B0A2A0EB2BBE3B12001D5A35 /* SettingsView.swift in Sources */,
				B0A960B42BB273F200305EC9 /* SCNSphere+Init.swift in Sources */,
				B0A960B62BB273F200305EC9 /* AreaViewController.swift in Sources */,
				F7BA5FFE2BBCAB9B00A8CBB0 /* ViewModel.swift in Sources */,
				B0A960B82BB273F200305EC9 /* MeasureSCNView.swift in Sources */,
				B0CC73772BCB707D00390768 /* UsageViewModel.swift in Sources */,
				F7BA60022BBCABC800A8CBB0 /* TabBarButton.swift in Sources */,
				B05A88DB2BBCF67E00A09280 /* SessionData.swift in Sources */,
				B0A960F92BB78BD400305EC9 /* Dimensions.swift in Sources */,
				F7BA60062BBCABFA00A8CBB0 /* NewPackageView.swift in Sources */,
				B05A88DF2BBD006500A09280 /* SessionDataViewModel.swift in Sources */,
				B0A960B32BB273F200305EC9 /* MeasureViewController.swift in Sources */,
				B0A9607F2BB26AC800305EC9 /* ScanitPackitApp.swift in Sources */,
				B0A960B72BB273F200305EC9 /* LineNode.swift in Sources */,
				B05A88D92BB8FD1200A09280 /* ContainerSelectionView.swift in Sources */,
				F7BA60002BBCABAF00A8CBB0 /* Models.swift in Sources */,
			);
			runOnlyForDeploymentPostprocessing = 0;
		};
		B0A960872BB26AC900305EC9 /* Sources */ = {
			isa = PBXSourcesBuildPhase;
			buildActionMask = 2147483647;
			files = (
				B0A960902BB26AC900305EC9 /* ScanitPackitTests.swift in Sources */,
			);
			runOnlyForDeploymentPostprocessing = 0;
		};
		B0A960912BB26AC900305EC9 /* Sources */ = {
			isa = PBXSourcesBuildPhase;
			buildActionMask = 2147483647;
			files = (
				B0A9609C2BB26AC900305EC9 /* ScanitPackitUITestsLaunchTests.swift in Sources */,
				B0A9609A2BB26AC900305EC9 /* ScanitPackitUITests.swift in Sources */,
			);
			runOnlyForDeploymentPostprocessing = 0;
		};
/* End PBXSourcesBuildPhase section */

/* Begin PBXTargetDependency section */
		B0A9608D2BB26AC900305EC9 /* PBXTargetDependency */ = {
			isa = PBXTargetDependency;
			target = B0A9607A2BB26AC800305EC9 /* ScanitPackit */;
			targetProxy = B0A9608C2BB26AC900305EC9 /* PBXContainerItemProxy */;
		};
		B0A960972BB26AC900305EC9 /* PBXTargetDependency */ = {
			isa = PBXTargetDependency;
			target = B0A9607A2BB26AC800305EC9 /* ScanitPackit */;
			targetProxy = B0A960962BB26AC900305EC9 /* PBXContainerItemProxy */;
		};
/* End PBXTargetDependency section */

/* Begin XCBuildConfiguration section */
		B0A9609D2BB26AC900305EC9 /* Debug */ = {
			isa = XCBuildConfiguration;
			buildSettings = {
				ALWAYS_SEARCH_USER_PATHS = NO;
				ASSETCATALOG_COMPILER_GENERATE_SWIFT_ASSET_SYMBOL_EXTENSIONS = YES;
				CLANG_ANALYZER_NONNULL = YES;
				CLANG_ANALYZER_NUMBER_OBJECT_CONVERSION = YES_AGGRESSIVE;
				CLANG_CXX_LANGUAGE_STANDARD = "gnu++20";
				CLANG_ENABLE_MODULES = YES;
				CLANG_ENABLE_OBJC_ARC = YES;
				CLANG_ENABLE_OBJC_WEAK = YES;
				CLANG_WARN_BLOCK_CAPTURE_AUTORELEASING = YES;
				CLANG_WARN_BOOL_CONVERSION = YES;
				CLANG_WARN_COMMA = YES;
				CLANG_WARN_CONSTANT_CONVERSION = YES;
				CLANG_WARN_DEPRECATED_OBJC_IMPLEMENTATIONS = YES;
				CLANG_WARN_DIRECT_OBJC_ISA_USAGE = YES_ERROR;
				CLANG_WARN_DOCUMENTATION_COMMENTS = YES;
				CLANG_WARN_EMPTY_BODY = YES;
				CLANG_WARN_ENUM_CONVERSION = YES;
				CLANG_WARN_INFINITE_RECURSION = YES;
				CLANG_WARN_INT_CONVERSION = YES;
				CLANG_WARN_NON_LITERAL_NULL_CONVERSION = YES;
				CLANG_WARN_OBJC_IMPLICIT_RETAIN_SELF = YES;
				CLANG_WARN_OBJC_LITERAL_CONVERSION = YES;
				CLANG_WARN_OBJC_ROOT_CLASS = YES_ERROR;
				CLANG_WARN_QUOTED_INCLUDE_IN_FRAMEWORK_HEADER = YES;
				CLANG_WARN_RANGE_LOOP_ANALYSIS = YES;
				CLANG_WARN_STRICT_PROTOTYPES = YES;
				CLANG_WARN_SUSPICIOUS_MOVE = YES;
				CLANG_WARN_UNGUARDED_AVAILABILITY = YES_AGGRESSIVE;
				CLANG_WARN_UNREACHABLE_CODE = YES;
				CLANG_WARN__DUPLICATE_METHOD_MATCH = YES;
				COPY_PHASE_STRIP = NO;
				DEBUG_INFORMATION_FORMAT = dwarf;
				ENABLE_STRICT_OBJC_MSGSEND = YES;
				ENABLE_TESTABILITY = YES;
				ENABLE_USER_SCRIPT_SANDBOXING = YES;
				GCC_C_LANGUAGE_STANDARD = gnu17;
				GCC_DYNAMIC_NO_PIC = NO;
				GCC_NO_COMMON_BLOCKS = YES;
				GCC_OPTIMIZATION_LEVEL = 0;
				GCC_PREPROCESSOR_DEFINITIONS = (
					"DEBUG=1",
					"$(inherited)",
				);
				GCC_WARN_64_TO_32_BIT_CONVERSION = YES;
				GCC_WARN_ABOUT_RETURN_TYPE = YES_ERROR;
				GCC_WARN_UNDECLARED_SELECTOR = YES;
				GCC_WARN_UNINITIALIZED_AUTOS = YES_AGGRESSIVE;
				GCC_WARN_UNUSED_FUNCTION = YES;
				GCC_WARN_UNUSED_VARIABLE = YES;
				IPHONEOS_DEPLOYMENT_TARGET = 17.2;
				LOCALIZATION_PREFERS_STRING_CATALOGS = YES;
				MTL_ENABLE_DEBUG_INFO = INCLUDE_SOURCE;
				MTL_FAST_MATH = YES;
				ONLY_ACTIVE_ARCH = YES;
				SDKROOT = iphoneos;
				SWIFT_ACTIVE_COMPILATION_CONDITIONS = "DEBUG $(inherited)";
				SWIFT_OPTIMIZATION_LEVEL = "-Onone";
			};
			name = Debug;
		};
		B0A9609E2BB26AC900305EC9 /* Release */ = {
			isa = XCBuildConfiguration;
			buildSettings = {
				ALWAYS_SEARCH_USER_PATHS = NO;
				ASSETCATALOG_COMPILER_GENERATE_SWIFT_ASSET_SYMBOL_EXTENSIONS = YES;
				CLANG_ANALYZER_NONNULL = YES;
				CLANG_ANALYZER_NUMBER_OBJECT_CONVERSION = YES_AGGRESSIVE;
				CLANG_CXX_LANGUAGE_STANDARD = "gnu++20";
				CLANG_ENABLE_MODULES = YES;
				CLANG_ENABLE_OBJC_ARC = YES;
				CLANG_ENABLE_OBJC_WEAK = YES;
				CLANG_WARN_BLOCK_CAPTURE_AUTORELEASING = YES;
				CLANG_WARN_BOOL_CONVERSION = YES;
				CLANG_WARN_COMMA = YES;
				CLANG_WARN_CONSTANT_CONVERSION = YES;
				CLANG_WARN_DEPRECATED_OBJC_IMPLEMENTATIONS = YES;
				CLANG_WARN_DIRECT_OBJC_ISA_USAGE = YES_ERROR;
				CLANG_WARN_DOCUMENTATION_COMMENTS = YES;
				CLANG_WARN_EMPTY_BODY = YES;
				CLANG_WARN_ENUM_CONVERSION = YES;
				CLANG_WARN_INFINITE_RECURSION = YES;
				CLANG_WARN_INT_CONVERSION = YES;
				CLANG_WARN_NON_LITERAL_NULL_CONVERSION = YES;
				CLANG_WARN_OBJC_IMPLICIT_RETAIN_SELF = YES;
				CLANG_WARN_OBJC_LITERAL_CONVERSION = YES;
				CLANG_WARN_OBJC_ROOT_CLASS = YES_ERROR;
				CLANG_WARN_QUOTED_INCLUDE_IN_FRAMEWORK_HEADER = YES;
				CLANG_WARN_RANGE_LOOP_ANALYSIS = YES;
				CLANG_WARN_STRICT_PROTOTYPES = YES;
				CLANG_WARN_SUSPICIOUS_MOVE = YES;
				CLANG_WARN_UNGUARDED_AVAILABILITY = YES_AGGRESSIVE;
				CLANG_WARN_UNREACHABLE_CODE = YES;
				CLANG_WARN__DUPLICATE_METHOD_MATCH = YES;
				COPY_PHASE_STRIP = NO;
				DEBUG_INFORMATION_FORMAT = "dwarf-with-dsym";
				ENABLE_NS_ASSERTIONS = NO;
				ENABLE_STRICT_OBJC_MSGSEND = YES;
				ENABLE_USER_SCRIPT_SANDBOXING = YES;
				GCC_C_LANGUAGE_STANDARD = gnu17;
				GCC_NO_COMMON_BLOCKS = YES;
				GCC_WARN_64_TO_32_BIT_CONVERSION = YES;
				GCC_WARN_ABOUT_RETURN_TYPE = YES_ERROR;
				GCC_WARN_UNDECLARED_SELECTOR = YES;
				GCC_WARN_UNINITIALIZED_AUTOS = YES_AGGRESSIVE;
				GCC_WARN_UNUSED_FUNCTION = YES;
				GCC_WARN_UNUSED_VARIABLE = YES;
				IPHONEOS_DEPLOYMENT_TARGET = 17.2;
				LOCALIZATION_PREFERS_STRING_CATALOGS = YES;
				MTL_ENABLE_DEBUG_INFO = NO;
				MTL_FAST_MATH = YES;
				SDKROOT = iphoneos;
				SWIFT_COMPILATION_MODE = wholemodule;
				VALIDATE_PRODUCT = YES;
			};
			name = Release;
		};
		B0A960A02BB26AC900305EC9 /* Debug */ = {
			isa = XCBuildConfiguration;
			buildSettings = {
				ASSETCATALOG_COMPILER_APPICON_NAME = AppIcon;
				ASSETCATALOG_COMPILER_GLOBAL_ACCENT_COLOR_NAME = AccentColor;
				CODE_SIGN_STYLE = Automatic;
				CURRENT_PROJECT_VERSION = 1;
				DEVELOPMENT_ASSET_PATHS = "\"ScanitPackit/Preview Content\"";
				DEVELOPMENT_TEAM = W9Y359W4MD;
				ENABLE_PREVIEWS = YES;
				GENERATE_INFOPLIST_FILE = YES;
				INFOPLIST_FILE = ScanitPackit/Info.plist;
				INFOPLIST_KEY_NSCameraUsageDescription = "For Measurement using AR";
				INFOPLIST_KEY_UIApplicationSceneManifest_Generation = YES;
				INFOPLIST_KEY_UIApplicationSupportsIndirectInputEvents = YES;
				INFOPLIST_KEY_UILaunchScreen_Generation = YES;
				INFOPLIST_KEY_UISupportedInterfaceOrientations_iPad = "UIInterfaceOrientationPortrait UIInterfaceOrientationPortraitUpsideDown UIInterfaceOrientationLandscapeLeft UIInterfaceOrientationLandscapeRight";
				INFOPLIST_KEY_UISupportedInterfaceOrientations_iPhone = "UIInterfaceOrientationPortrait UIInterfaceOrientationLandscapeLeft UIInterfaceOrientationLandscapeRight";
				INFOPLIST_KEY_UIUserInterfaceStyle = Light;
				LD_RUNPATH_SEARCH_PATHS = (
					"$(inherited)",
					"@executable_path/Frameworks",
				);
				MARKETING_VERSION = 1.0;
				PRODUCT_BUNDLE_IDENTIFIER = tliu.ScanitPackit;
				PRODUCT_NAME = "$(TARGET_NAME)";
				SWIFT_EMIT_LOC_STRINGS = YES;
				SWIFT_VERSION = 5.0;
				TARGETED_DEVICE_FAMILY = "1,2";
			};
			name = Debug;
		};
		B0A960A12BB26AC900305EC9 /* Release */ = {
			isa = XCBuildConfiguration;
			buildSettings = {
				ASSETCATALOG_COMPILER_APPICON_NAME = AppIcon;
				ASSETCATALOG_COMPILER_GLOBAL_ACCENT_COLOR_NAME = AccentColor;
				CODE_SIGN_STYLE = Automatic;
				CURRENT_PROJECT_VERSION = 1;
				DEVELOPMENT_ASSET_PATHS = "\"ScanitPackit/Preview Content\"";
				DEVELOPMENT_TEAM = W9Y359W4MD;
				ENABLE_PREVIEWS = YES;
				GENERATE_INFOPLIST_FILE = YES;
				INFOPLIST_FILE = ScanitPackit/Info.plist;
				INFOPLIST_KEY_NSCameraUsageDescription = "For Measurement using AR";
				INFOPLIST_KEY_UIApplicationSceneManifest_Generation = YES;
				INFOPLIST_KEY_UIApplicationSupportsIndirectInputEvents = YES;
				INFOPLIST_KEY_UILaunchScreen_Generation = YES;
				INFOPLIST_KEY_UISupportedInterfaceOrientations_iPad = "UIInterfaceOrientationPortrait UIInterfaceOrientationPortraitUpsideDown UIInterfaceOrientationLandscapeLeft UIInterfaceOrientationLandscapeRight";
				INFOPLIST_KEY_UISupportedInterfaceOrientations_iPhone = "UIInterfaceOrientationPortrait UIInterfaceOrientationLandscapeLeft UIInterfaceOrientationLandscapeRight";
				INFOPLIST_KEY_UIUserInterfaceStyle = Light;
				LD_RUNPATH_SEARCH_PATHS = (
					"$(inherited)",
					"@executable_path/Frameworks",
				);
				MARKETING_VERSION = 1.0;
				PRODUCT_BUNDLE_IDENTIFIER = tliu.ScanitPackit;
				PRODUCT_NAME = "$(TARGET_NAME)";
				SWIFT_EMIT_LOC_STRINGS = YES;
				SWIFT_VERSION = 5.0;
				TARGETED_DEVICE_FAMILY = "1,2";
			};
			name = Release;
		};
		B0A960A32BB26AC900305EC9 /* Debug */ = {
			isa = XCBuildConfiguration;
			buildSettings = {
				ALWAYS_EMBED_SWIFT_STANDARD_LIBRARIES = YES;
				BUNDLE_LOADER = "$(TEST_HOST)";
				CODE_SIGN_STYLE = Automatic;
				CURRENT_PROJECT_VERSION = 1;
				DEVELOPMENT_TEAM = W9Y359W4MD;
				GENERATE_INFOPLIST_FILE = YES;
				IPHONEOS_DEPLOYMENT_TARGET = 17.2;
				MARKETING_VERSION = 1.0;
				PRODUCT_BUNDLE_IDENTIFIER = tliu.ScanitPackitTests;
				PRODUCT_NAME = "$(TARGET_NAME)";
				SWIFT_EMIT_LOC_STRINGS = NO;
				SWIFT_VERSION = 5.0;
				TARGETED_DEVICE_FAMILY = "1,2";
				TEST_HOST = "$(BUILT_PRODUCTS_DIR)/ScanitPackit.app/$(BUNDLE_EXECUTABLE_FOLDER_PATH)/ScanitPackit";
			};
			name = Debug;
		};
		B0A960A42BB26AC900305EC9 /* Release */ = {
			isa = XCBuildConfiguration;
			buildSettings = {
				ALWAYS_EMBED_SWIFT_STANDARD_LIBRARIES = YES;
				BUNDLE_LOADER = "$(TEST_HOST)";
				CODE_SIGN_STYLE = Automatic;
				CURRENT_PROJECT_VERSION = 1;
				DEVELOPMENT_TEAM = W9Y359W4MD;
				GENERATE_INFOPLIST_FILE = YES;
				IPHONEOS_DEPLOYMENT_TARGET = 17.2;
				MARKETING_VERSION = 1.0;
				PRODUCT_BUNDLE_IDENTIFIER = tliu.ScanitPackitTests;
				PRODUCT_NAME = "$(TARGET_NAME)";
				SWIFT_EMIT_LOC_STRINGS = NO;
				SWIFT_VERSION = 5.0;
				TARGETED_DEVICE_FAMILY = "1,2";
				TEST_HOST = "$(BUILT_PRODUCTS_DIR)/ScanitPackit.app/$(BUNDLE_EXECUTABLE_FOLDER_PATH)/ScanitPackit";
			};
			name = Release;
		};
		B0A960A62BB26AC900305EC9 /* Debug */ = {
			isa = XCBuildConfiguration;
			buildSettings = {
				ALWAYS_EMBED_SWIFT_STANDARD_LIBRARIES = YES;
				CODE_SIGN_STYLE = Automatic;
				CURRENT_PROJECT_VERSION = 1;
				DEVELOPMENT_TEAM = W9Y359W4MD;
				GENERATE_INFOPLIST_FILE = YES;
				MARKETING_VERSION = 1.0;
				PRODUCT_BUNDLE_IDENTIFIER = tliu.ScanitPackitUITests;
				PRODUCT_NAME = "$(TARGET_NAME)";
				SWIFT_EMIT_LOC_STRINGS = NO;
				SWIFT_VERSION = 5.0;
				TARGETED_DEVICE_FAMILY = "1,2";
				TEST_TARGET_NAME = ScanitPackit;
			};
			name = Debug;
		};
		B0A960A72BB26AC900305EC9 /* Release */ = {
			isa = XCBuildConfiguration;
			buildSettings = {
				ALWAYS_EMBED_SWIFT_STANDARD_LIBRARIES = YES;
				CODE_SIGN_STYLE = Automatic;
				CURRENT_PROJECT_VERSION = 1;
				DEVELOPMENT_TEAM = W9Y359W4MD;
				GENERATE_INFOPLIST_FILE = YES;
				MARKETING_VERSION = 1.0;
				PRODUCT_BUNDLE_IDENTIFIER = tliu.ScanitPackitUITests;
				PRODUCT_NAME = "$(TARGET_NAME)";
				SWIFT_EMIT_LOC_STRINGS = NO;
				SWIFT_VERSION = 5.0;
				TARGETED_DEVICE_FAMILY = "1,2";
				TEST_TARGET_NAME = ScanitPackit;
			};
			name = Release;
		};
/* End XCBuildConfiguration section */

/* Begin XCConfigurationList section */
		B0A960762BB26AC800305EC9 /* Build configuration list for PBXProject "ScanitPackit" */ = {
			isa = XCConfigurationList;
			buildConfigurations = (
				B0A9609D2BB26AC900305EC9 /* Debug */,
				B0A9609E2BB26AC900305EC9 /* Release */,
			);
			defaultConfigurationIsVisible = 0;
			defaultConfigurationName = Release;
		};
		B0A9609F2BB26AC900305EC9 /* Build configuration list for PBXNativeTarget "ScanitPackit" */ = {
			isa = XCConfigurationList;
			buildConfigurations = (
				B0A960A02BB26AC900305EC9 /* Debug */,
				B0A960A12BB26AC900305EC9 /* Release */,
			);
			defaultConfigurationIsVisible = 0;
			defaultConfigurationName = Release;
		};
		B0A960A22BB26AC900305EC9 /* Build configuration list for PBXNativeTarget "ScanitPackitTests" */ = {
			isa = XCConfigurationList;
			buildConfigurations = (
				B0A960A32BB26AC900305EC9 /* Debug */,
				B0A960A42BB26AC900305EC9 /* Release */,
			);
			defaultConfigurationIsVisible = 0;
			defaultConfigurationName = Release;
		};
		B0A960A52BB26AC900305EC9 /* Build configuration list for PBXNativeTarget "ScanitPackitUITests" */ = {
			isa = XCConfigurationList;
			buildConfigurations = (
				B0A960A62BB26AC900305EC9 /* Debug */,
				B0A960A72BB26AC900305EC9 /* Release */,
			);
			defaultConfigurationIsVisible = 0;
			defaultConfigurationName = Release;
		};
/* End XCConfigurationList section */
	};
	rootObject = B0A960732BB26AC800305EC9 /* Project object */;
}
